# This file is automatically @generated by Veryl.
# It is not intended for manual editing.
[[projects]]
name = "core_components"
uuid = "0b5d0f24-c7e7-546d-a621-048a522801b2"
version = "0.1.0"
url = "https://github.com/foss-car/core-components"
revision = "725ed42763329838fb4df4677df84c9dee30f3a0"
dependencies = []
